
Microsoft Visual Studio Solution File, Format Version 11.00
# Visual Studio 2010
Project("{FAE04EC0-301F-11D3-BF4B-00C04F79EFBC}") = "UnityEngine.TestRunner", "UnityEngine.TestRunner.csproj", "{f38d972e-1664-f685-52df-cf12b55baac4}"
EndProject
Project("{FAE04EC0-301F-11D3-BF4B-00C04F79EFBC}") = "Unity.VisualScripting.Flow", "Unity.VisualScripting.Flow.csproj", "{8ea7f9a0-0cba-e835-69ec-049bdde30b44}"
EndProject
Project("{FAE04EC0-301F-11D3-BF4B-00C04F79EFBC}") = "Unity.Mathematics", "Unity.Mathematics.csproj", "{57c29990-c938-e679-eab4-2463e2dcaae1}"
EndProject
Project("{FAE04EC0-301F-11D3-BF4B-00C04F79EFBC}") = "Unity.Services.Core.Telemetry", "Unity.Services.Core.Telemetry.csproj", "{9f9bdeee-b250-c378-de6d-a7c7b78c0f51}"
EndProject
Project("{FAE04EC0-301F-11D3-BF4B-00C04F79EFBC}") = "Unity.InputSystem", "Unity.InputSystem.csproj", "{ecfaf90d-4507-5285-75a7-65771a2a8a67}"
EndProject
Project("{FAE04EC0-301F-11D3-BF4B-00C04F79EFBC}") = "Unity.VisualScripting.State", "Unity.VisualScripting.State.csproj", "{7809b26d-e57b-339c-0f1e-0062d7ba4631}"
EndProject
Project("{FAE04EC0-301F-11D3-BF4B-00C04F79EFBC}") = "Unity.VisualScripting.Core", "Unity.VisualScripting.Core.csproj", "{f5bbfd26-e167-978e-362f-8224db022752}"
EndProject
Project("{FAE04EC0-301F-11D3-BF4B-00C04F79EFBC}") = "Unity.Services.Core.Environments.Internal", "Unity.Services.Core.Environments.Internal.csproj", "{78c148b7-b66c-c3ed-f193-e3b90b103adf}"
EndProject
Project("{FAE04EC0-301F-11D3-BF4B-00C04F79EFBC}") = "Base.Util", "Base.Util.csproj", "{7f8bf540-471b-0718-3376-138d0fc06b5d}"
EndProject
Project("{FAE04EC0-301F-11D3-BF4B-00C04F79EFBC}") = "Unity.Burst", "Unity.Burst.csproj", "{e40ccf5d-d1b3-85ac-70be-38c5f3b4963c}"
EndProject
Project("{FAE04EC0-301F-11D3-BF4B-00C04F79EFBC}") = "Unity.TextMeshPro", "Unity.TextMeshPro.csproj", "{b0578075-a450-dd08-6b30-3aac1b36f531}"
EndProject
Project("{FAE04EC0-301F-11D3-BF4B-00C04F79EFBC}") = "Unity.Timeline", "Unity.Timeline.csproj", "{7e6071c0-c219-aa5c-7e06-e4d78cb98e64}"
EndProject
Project("{FAE04EC0-301F-11D3-BF4B-00C04F79EFBC}") = "Unity.Services.Core", "Unity.Services.Core.csproj", "{cdd6069b-c364-9ba0-763a-559151d15a23}"
EndProject
Project("{FAE04EC0-301F-11D3-BF4B-00C04F79EFBC}") = "Unity.Services.Core.Environments", "Unity.Services.Core.Environments.csproj", "{6d6ab276-3451-67f5-0f3b-45ede456b7af}"
EndProject
Project("{FAE04EC0-301F-11D3-BF4B-00C04F79EFBC}") = "Unity.Services.Core.Internal", "Unity.Services.Core.Internal.csproj", "{95d8b7cc-07fd-c599-4263-1cd2e9e98bb1}"
EndProject
Project("{FAE04EC0-301F-11D3-BF4B-00C04F79EFBC}") = "Unity.Services.Core.Analytics", "Unity.Services.Core.Analytics.csproj", "{2db5e96b-36a5-098b-cffc-913a61425065}"
EndProject
Project("{FAE04EC0-301F-11D3-BF4B-00C04F79EFBC}") = "Project.Content", "Project.Content.csproj", "{9af73644-d86d-91ea-a826-24f60d719d19}"
EndProject
Project("{FAE04EC0-301F-11D3-BF4B-00C04F79EFBC}") = "Unity.Services.Core.Scheduler", "Unity.Services.Core.Scheduler.csproj", "{ac22b273-1047-f781-59d9-aa5b0b7a951e}"
EndProject
Project("{FAE04EC0-301F-11D3-BF4B-00C04F79EFBC}") = "Unity.Services.Core.Registration", "Unity.Services.Core.Registration.csproj", "{298eab75-5002-7be4-bafb-07546e86459a}"
EndProject
Project("{FAE04EC0-301F-11D3-BF4B-00C04F79EFBC}") = "Unity.Services.Core.Device", "Unity.Services.Core.Device.csproj", "{1c74ec01-ae96-71b8-28bc-45ba95b7d555}"
EndProject
Project("{FAE04EC0-301F-11D3-BF4B-00C04F79EFBC}") = "Unity.Services.Core.Threading", "Unity.Services.Core.Threading.csproj", "{3abb043b-a2f4-ac5d-6479-720800a7df3e}"
EndProject
Project("{FAE04EC0-301F-11D3-BF4B-00C04F79EFBC}") = "Unity.Services.Core.Networking", "Unity.Services.Core.Networking.csproj", "{c298987c-6a33-7b2f-475d-72eeb2918ee7}"
EndProject
Project("{FAE04EC0-301F-11D3-BF4B-00C04F79EFBC}") = "Unity.Services.Core.Configuration", "Unity.Services.Core.Configuration.csproj", "{368746dd-29c9-026b-f581-a5ec9fb65c42}"
EndProject
Project("{FAE04EC0-301F-11D3-BF4B-00C04F79EFBC}") = "Assembly-CSharp", "Assembly-CSharp.csproj", "{63e2132c-a0cb-b269-3294-9caf674a105b}"
EndProject
Project("{FAE04EC0-301F-11D3-BF4B-00C04F79EFBC}") = "Cinemachine", "Cinemachine.csproj", "{afb57e23-07c9-db16-3681-1fe9af2c5243}"
EndProject
Project("{FAE04EC0-301F-11D3-BF4B-00C04F79EFBC}") = "Unity.PlasticSCM.Editor", "Unity.PlasticSCM.Editor.csproj", "{6f12d4a0-9304-dcfd-92aa-d642af50c576}"
EndProject
Project("{FAE04EC0-301F-11D3-BF4B-00C04F79EFBC}") = "Unity.VisualScripting.Core.Editor", "Unity.VisualScripting.Core.Editor.csproj", "{02fb692d-e401-8958-a617-4b0bf1275765}"
EndProject
Project("{FAE04EC0-301F-11D3-BF4B-00C04F79EFBC}") = "Unity.VisualScripting.Flow.Editor", "Unity.VisualScripting.Flow.Editor.csproj", "{16b6785e-cb89-c002-ecd2-a943843248b1}"
EndProject
Project("{FAE04EC0-301F-11D3-BF4B-00C04F79EFBC}") = "Unity.Timeline.Editor", "Unity.Timeline.Editor.csproj", "{a552c6f3-982f-1b5f-e5d9-24e44f4f282e}"
EndProject
Project("{FAE04EC0-301F-11D3-BF4B-00C04F79EFBC}") = "Unity.VisualScripting.State.Editor", "Unity.VisualScripting.State.Editor.csproj", "{b90616f9-9f55-eaac-e477-4766d7ac001b}"
EndProject
Project("{FAE04EC0-301F-11D3-BF4B-00C04F79EFBC}") = "Unity.TextMeshPro.Editor", "Unity.TextMeshPro.Editor.csproj", "{133d217f-0130-200e-ad49-5d3abd784194}"
EndProject
Project("{FAE04EC0-301F-11D3-BF4B-00C04F79EFBC}") = "Unity.VisualScripting.SettingsProvider.Editor", "Unity.VisualScripting.SettingsProvider.Editor.csproj", "{5d105c45-35c2-368c-db35-254bfcda33ca}"
EndProject
Project("{FAE04EC0-301F-11D3-BF4B-00C04F79EFBC}") = "Unity.CollabProxy.Editor", "Unity.CollabProxy.Editor.csproj", "{7a2ec249-be70-212b-ec9a-91bc75a49906}"
EndProject
Project("{FAE04EC0-301F-11D3-BF4B-00C04F79EFBC}") = "UnityEditor.TestRunner", "UnityEditor.TestRunner.csproj", "{d94e6a13-6a45-6567-e948-5d1b48bdfaba}"
EndProject
Project("{FAE04EC0-301F-11D3-BF4B-00C04F79EFBC}") = "Unity.Services.Core.Editor", "Unity.Services.Core.Editor.csproj", "{d0cb5897-c4e3-0491-30fd-ef3ef1ec250f}"
EndProject
Project("{FAE04EC0-301F-11D3-BF4B-00C04F79EFBC}") = "Unity.Rider.Editor", "Unity.Rider.Editor.csproj", "{f5fa42c6-c8fd-80f2-aa9d-c04cdf7d124e}"
EndProject
Project("{FAE04EC0-301F-11D3-BF4B-00C04F79EFBC}") = "Unity.Searcher.Editor", "Unity.Searcher.Editor.csproj", "{c61bda42-2a7d-1edd-a144-6878ef4346ec}"
EndProject
Project("{FAE04EC0-301F-11D3-BF4B-00C04F79EFBC}") = "Unity.Burst.CodeGen", "Unity.Burst.CodeGen.csproj", "{7082b327-2dae-cbe4-74c7-0095c11c020e}"
EndProject
Project("{FAE04EC0-301F-11D3-BF4B-00C04F79EFBC}") = "Unity.VSCode.Editor", "Unity.VSCode.Editor.csproj", "{2bd10b48-3dd5-7956-d23b-954e0b2c4d44}"
EndProject
Project("{FAE04EC0-301F-11D3-BF4B-00C04F79EFBC}") = "Unity.Mathematics.Editor", "Unity.Mathematics.Editor.csproj", "{78351cfb-09fa-f012-1c77-fd0d4a75aadc}"
EndProject
Project("{FAE04EC0-301F-11D3-BF4B-00C04F79EFBC}") = "Unity.Services.Core.Configuration.Editor", "Unity.Services.Core.Configuration.Editor.csproj", "{3d2dc003-83c7-34f4-6382-e085f9bc6ea1}"
EndProject
Project("{FAE04EC0-301F-11D3-BF4B-00C04F79EFBC}") = "Unity.Burst.Editor", "Unity.Burst.Editor.csproj", "{61dd0616-6192-52cf-ee1d-5978eed02d7c}"
EndProject
Project("{FAE04EC0-301F-11D3-BF4B-00C04F79EFBC}") = "Assembly-CSharp-Editor", "Assembly-CSharp-Editor.csproj", "{2b6f6fc2-b849-c135-c400-f36a01ea5304}"
EndProject
Project("{FAE04EC0-301F-11D3-BF4B-00C04F79EFBC}") = "Unity.VisualScripting.Shared.Editor", "Unity.VisualScripting.Shared.Editor.csproj", "{6827516a-32de-7239-bd44-6cb27366c344}"
EndProject
Project("{FAE04EC0-301F-11D3-BF4B-00C04F79EFBC}") = "com.unity.cinemachine.editor", "com.unity.cinemachine.editor.csproj", "{7b681ea7-71cc-29e5-2ede-f25c9fd8d757}"
EndProject
Project("{FAE04EC0-301F-11D3-BF4B-00C04F79EFBC}") = "Unity.Burst.Tests.UnitTests", "Unity.Burst.Tests.UnitTests.csproj", "{e9ed9d30-40a8-87db-44f6-b1b0dbda60b5}"
EndProject
Project("{FAE04EC0-301F-11D3-BF4B-00C04F79EFBC}") = "Unity.Mathematics.Tests", "Unity.Mathematics.Tests.csproj", "{97a0a653-526d-042e-4298-c5837ae06a34}"
EndProject
Project("{FAE04EC0-301F-11D3-BF4B-00C04F79EFBC}") = "Unity.TextMeshPro.Tests", "Unity.TextMeshPro.Tests.csproj", "{f5f141d9-8879-6d11-ba6f-f0addc981f6c}"
EndProject
Project("{FAE04EC0-301F-11D3-BF4B-00C04F79EFBC}") = "Unity.Burst.Editor.Tests", "Unity.Burst.Editor.Tests.csproj", "{47a6960c-d78c-01f0-28f1-7a58b1161f29}"
EndProject
Project("{FAE04EC0-301F-11D3-BF4B-00C04F79EFBC}") = "Unity.Searcher.EditorTests", "Unity.Searcher.EditorTests.csproj", "{38707181-2a3a-5237-a4a2-d5a62d4792f5}"
EndProject
Project("{FAE04EC0-301F-11D3-BF4B-00C04F79EFBC}") = "Unity.InputSystem.TestFramework", "Unity.InputSystem.TestFramework.csproj", "{83d3b32a-7fc0-41ce-04a7-d5a0ba401e86}"
EndProject
Project("{FAE04EC0-301F-11D3-BF4B-00C04F79EFBC}") = "DocCodeExamples", "DocCodeExamples.csproj", "{c81d7419-a128-89b8-3b4b-c13d765f4966}"
EndProject
Project("{FAE04EC0-301F-11D3-BF4B-00C04F79EFBC}") = "Unity.TextMeshPro.Editor.Tests", "Unity.TextMeshPro.Editor.Tests.csproj", "{7fda7c03-5081-7b38-4de2-d175c38f7348}"
EndProject
Project("{FAE04EC0-301F-11D3-BF4B-00C04F79EFBC}") = "Unity.InputSystem.IntegrationTests", "Unity.InputSystem.IntegrationTests.csproj", "{6ee8bde5-14c6-8ac4-f616-45b2b1a4e19f}"
EndProject
Project("{FAE04EC0-301F-11D3-BF4B-00C04F79EFBC}") = "com.unity.cinemachine.EditorTests", "com.unity.cinemachine.EditorTests.csproj", "{eff625dc-2cf0-7c60-7bf6-575d3cedb431}"
EndProject
Project("{FAE04EC0-301F-11D3-BF4B-00C04F79EFBC}") = "SeparateAssembly", "SeparateAssembly.csproj", "{adc07d62-285c-b82b-3ea1-d8c91db56997}"
EndProject
Project("{FAE04EC0-301F-11D3-BF4B-00C04F79EFBC}") = "com.unity.cinemachine.Tests", "com.unity.cinemachine.Tests.csproj", "{23b18abf-615d-ef1f-06cb-e0cb1070a1ed}"
EndProject
Global
	GlobalSection(SolutionConfigurationPlatforms) = preSolution
		Debug|Any CPU = Debug|Any CPU
	EndGlobalSection
	GlobalSection(ProjectConfigurationPlatforms) = postSolution
		{f38d972e-1664-f685-52df-cf12b55baac4}.Debug|Any CPU.ActiveCfg = Debug|Any CPU
		{f38d972e-1664-f685-52df-cf12b55baac4}.Debug|Any CPU.Build.0 = Debug|Any CPU
		{8ea7f9a0-0cba-e835-69ec-049bdde30b44}.Debug|Any CPU.ActiveCfg = Debug|Any CPU
		{8ea7f9a0-0cba-e835-69ec-049bdde30b44}.Debug|Any CPU.Build.0 = Debug|Any CPU
		{57c29990-c938-e679-eab4-2463e2dcaae1}.Debug|Any CPU.ActiveCfg = Debug|Any CPU
		{57c29990-c938-e679-eab4-2463e2dcaae1}.Debug|Any CPU.Build.0 = Debug|Any CPU
		{9f9bdeee-b250-c378-de6d-a7c7b78c0f51}.Debug|Any CPU.ActiveCfg = Debug|Any CPU
		{9f9bdeee-b250-c378-de6d-a7c7b78c0f51}.Debug|Any CPU.Build.0 = Debug|Any CPU
		{ecfaf90d-4507-5285-75a7-65771a2a8a67}.Debug|Any CPU.ActiveCfg = Debug|Any CPU
		{ecfaf90d-4507-5285-75a7-65771a2a8a67}.Debug|Any CPU.Build.0 = Debug|Any CPU
		{7809b26d-e57b-339c-0f1e-0062d7ba4631}.Debug|Any CPU.ActiveCfg = Debug|Any CPU
		{7809b26d-e57b-339c-0f1e-0062d7ba4631}.Debug|Any CPU.Build.0 = Debug|Any CPU
		{f5bbfd26-e167-978e-362f-8224db022752}.Debug|Any CPU.ActiveCfg = Debug|Any CPU
		{f5bbfd26-e167-978e-362f-8224db022752}.Debug|Any CPU.Build.0 = Debug|Any CPU
		{78c148b7-b66c-c3ed-f193-e3b90b103adf}.Debug|Any CPU.ActiveCfg = Debug|Any CPU
		{78c148b7-b66c-c3ed-f193-e3b90b103adf}.Debug|Any CPU.Build.0 = Debug|Any CPU
		{7f8bf540-471b-0718-3376-138d0fc06b5d}.Debug|Any CPU.ActiveCfg = Debug|Any CPU
		{7f8bf540-471b-0718-3376-138d0fc06b5d}.Debug|Any CPU.Build.0 = Debug|Any CPU
		{e40ccf5d-d1b3-85ac-70be-38c5f3b4963c}.Debug|Any CPU.ActiveCfg = Debug|Any CPU
		{e40ccf5d-d1b3-85ac-70be-38c5f3b4963c}.Debug|Any CPU.Build.0 = Debug|Any CPU
		{b0578075-a450-dd08-6b30-3aac1b36f531}.Debug|Any CPU.ActiveCfg = Debug|Any CPU
		{b0578075-a450-dd08-6b30-3aac1b36f531}.Debug|Any CPU.Build.0 = Debug|Any CPU
		{7e6071c0-c219-aa5c-7e06-e4d78cb98e64}.Debug|Any CPU.ActiveCfg = Debug|Any CPU
		{7e6071c0-c219-aa5c-7e06-e4d78cb98e64}.Debug|Any CPU.Build.0 = Debug|Any CPU
		{cdd6069b-c364-9ba0-763a-559151d15a23}.Debug|Any CPU.ActiveCfg = Debug|Any CPU
		{cdd6069b-c364-9ba0-763a-559151d15a23}.Debug|Any CPU.Build.0 = Debug|Any CPU
		{6d6ab276-3451-67f5-0f3b-45ede456b7af}.Debug|Any CPU.ActiveCfg = Debug|Any CPU
		{6d6ab276-3451-67f5-0f3b-45ede456b7af}.Debug|Any CPU.Build.0 = Debug|Any CPU
		{95d8b7cc-07fd-c599-4263-1cd2e9e98bb1}.Debug|Any CPU.ActiveCfg = Debug|Any CPU
		{95d8b7cc-07fd-c599-4263-1cd2e9e98bb1}.Debug|Any CPU.Build.0 = Debug|Any CPU
		{2db5e96b-36a5-098b-cffc-913a61425065}.Debug|Any CPU.ActiveCfg = Debug|Any CPU
		{2db5e96b-36a5-098b-cffc-913a61425065}.Debug|Any CPU.Build.0 = Debug|Any CPU
		{9af73644-d86d-91ea-a826-24f60d719d19}.Debug|Any CPU.ActiveCfg = Debug|Any CPU
		{9af73644-d86d-91ea-a826-24f60d719d19}.Debug|Any CPU.Build.0 = Debug|Any CPU
		{ac22b273-1047-f781-59d9-aa5b0b7a951e}.Debug|Any CPU.ActiveCfg = Debug|Any CPU
		{ac22b273-1047-f781-59d9-aa5b0b7a951e}.Debug|Any CPU.Build.0 = Debug|Any CPU
		{298eab75-5002-7be4-bafb-07546e86459a}.Debug|Any CPU.ActiveCfg = Debug|Any CPU
		{298eab75-5002-7be4-bafb-07546e86459a}.Debug|Any CPU.Build.0 = Debug|Any CPU
		{1c74ec01-ae96-71b8-28bc-45ba95b7d555}.Debug|Any CPU.ActiveCfg = Debug|Any CPU
		{1c74ec01-ae96-71b8-28bc-45ba95b7d555}.Debug|Any CPU.Build.0 = Debug|Any CPU
		{3abb043b-a2f4-ac5d-6479-720800a7df3e}.Debug|Any CPU.ActiveCfg = Debug|Any CPU
		{3abb043b-a2f4-ac5d-6479-720800a7df3e}.Debug|Any CPU.Build.0 = Debug|Any CPU
		{c298987c-6a33-7b2f-475d-72eeb2918ee7}.Debug|Any CPU.ActiveCfg = Debug|Any CPU
		{c298987c-6a33-7b2f-475d-72eeb2918ee7}.Debug|Any CPU.Build.0 = Debug|Any CPU
		{368746dd-29c9-026b-f581-a5ec9fb65c42}.Debug|Any CPU.ActiveCfg = Debug|Any CPU
		{368746dd-29c9-026b-f581-a5ec9fb65c42}.Debug|Any CPU.Build.0 = Debug|Any CPU
		{63e2132c-a0cb-b269-3294-9caf674a105b}.Debug|Any CPU.ActiveCfg = Debug|Any CPU
		{63e2132c-a0cb-b269-3294-9caf674a105b}.Debug|Any CPU.Build.0 = Debug|Any CPU
		{afb57e23-07c9-db16-3681-1fe9af2c5243}.Debug|Any CPU.ActiveCfg = Debug|Any CPU
		{afb57e23-07c9-db16-3681-1fe9af2c5243}.Debug|Any CPU.Build.0 = Debug|Any CPU
		{6f12d4a0-9304-dcfd-92aa-d642af50c576}.Debug|Any CPU.ActiveCfg = Debug|Any CPU
		{6f12d4a0-9304-dcfd-92aa-d642af50c576}.Debug|Any CPU.Build.0 = Debug|Any CPU
		{02fb692d-e401-8958-a617-4b0bf1275765}.Debug|Any CPU.ActiveCfg = Debug|Any CPU
		{02fb692d-e401-8958-a617-4b0bf1275765}.Debug|Any CPU.Build.0 = Debug|Any CPU
		{16b6785e-cb89-c002-ecd2-a943843248b1}.Debug|Any CPU.ActiveCfg = Debug|Any CPU
		{16b6785e-cb89-c002-ecd2-a943843248b1}.Debug|Any CPU.Build.0 = Debug|Any CPU
		{a552c6f3-982f-1b5f-e5d9-24e44f4f282e}.Debug|Any CPU.ActiveCfg = Debug|Any CPU
		{a552c6f3-982f-1b5f-e5d9-24e44f4f282e}.Debug|Any CPU.Build.0 = Debug|Any CPU
		{b90616f9-9f55-eaac-e477-4766d7ac001b}.Debug|Any CPU.ActiveCfg = Debug|Any CPU
		{b90616f9-9f55-eaac-e477-4766d7ac001b}.Debug|Any CPU.Build.0 = Debug|Any CPU
		{133d217f-0130-200e-ad49-5d3abd784194}.Debug|Any CPU.ActiveCfg = Debug|Any CPU
		{133d217f-0130-200e-ad49-5d3abd784194}.Debug|Any CPU.Build.0 = Debug|Any CPU
		{5d105c45-35c2-368c-db35-254bfcda33ca}.Debug|Any CPU.ActiveCfg = Debug|Any CPU
		{5d105c45-35c2-368c-db35-254bfcda33ca}.Debug|Any CPU.Build.0 = Debug|Any CPU
		{7a2ec249-be70-212b-ec9a-91bc75a49906}.Debug|Any CPU.ActiveCfg = Debug|Any CPU
		{7a2ec249-be70-212b-ec9a-91bc75a49906}.Debug|Any CPU.Build.0 = Debug|Any CPU
		{d94e6a13-6a45-6567-e948-5d1b48bdfaba}.Debug|Any CPU.ActiveCfg = Debug|Any CPU
		{d94e6a13-6a45-6567-e948-5d1b48bdfaba}.Debug|Any CPU.Build.0 = Debug|Any CPU
		{d0cb5897-c4e3-0491-30fd-ef3ef1ec250f}.Debug|Any CPU.ActiveCfg = Debug|Any CPU
		{d0cb5897-c4e3-0491-30fd-ef3ef1ec250f}.Debug|Any CPU.Build.0 = Debug|Any CPU
		{f5fa42c6-c8fd-80f2-aa9d-c04cdf7d124e}.Debug|Any CPU.ActiveCfg = Debug|Any CPU
		{f5fa42c6-c8fd-80f2-aa9d-c04cdf7d124e}.Debug|Any CPU.Build.0 = Debug|Any CPU
		{c61bda42-2a7d-1edd-a144-6878ef4346ec}.Debug|Any CPU.ActiveCfg = Debug|Any CPU
		{c61bda42-2a7d-1edd-a144-6878ef4346ec}.Debug|Any CPU.Build.0 = Debug|Any CPU
		{7082b327-2dae-cbe4-74c7-0095c11c020e}.Debug|Any CPU.ActiveCfg = Debug|Any CPU
		{7082b327-2dae-cbe4-74c7-0095c11c020e}.Debug|Any CPU.Build.0 = Debug|Any CPU
		{2bd10b48-3dd5-7956-d23b-954e0b2c4d44}.Debug|Any CPU.ActiveCfg = Debug|Any CPU
		{2bd10b48-3dd5-7956-d23b-954e0b2c4d44}.Debug|Any CPU.Build.0 = Debug|Any CPU
		{78351cfb-09fa-f012-1c77-fd0d4a75aadc}.Debug|Any CPU.ActiveCfg = Debug|Any CPU
		{78351cfb-09fa-f012-1c77-fd0d4a75aadc}.Debug|Any CPU.Build.0 = Debug|Any CPU
		{3d2dc003-83c7-34f4-6382-e085f9bc6ea1}.Debug|Any CPU.ActiveCfg = Debug|Any CPU
		{3d2dc003-83c7-34f4-6382-e085f9bc6ea1}.Debug|Any CPU.Build.0 = Debug|Any CPU
		{61dd0616-6192-52cf-ee1d-5978eed02d7c}.Debug|Any CPU.ActiveCfg = Debug|Any CPU
		{61dd0616-6192-52cf-ee1d-5978eed02d7c}.Debug|Any CPU.Build.0 = Debug|Any CPU
		{2b6f6fc2-b849-c135-c400-f36a01ea5304}.Debug|Any CPU.ActiveCfg = Debug|Any CPU
		{2b6f6fc2-b849-c135-c400-f36a01ea5304}.Debug|Any CPU.Build.0 = Debug|Any CPU
		{6827516a-32de-7239-bd44-6cb27366c344}.Debug|Any CPU.ActiveCfg = Debug|Any CPU
		{6827516a-32de-7239-bd44-6cb27366c344}.Debug|Any CPU.Build.0 = Debug|Any CPU
		{7b681ea7-71cc-29e5-2ede-f25c9fd8d757}.Debug|Any CPU.ActiveCfg = Debug|Any CPU
		{7b681ea7-71cc-29e5-2ede-f25c9fd8d757}.Debug|Any CPU.Build.0 = Debug|Any CPU
		{e9ed9d30-40a8-87db-44f6-b1b0dbda60b5}.Debug|Any CPU.ActiveCfg = Debug|Any CPU
		{e9ed9d30-40a8-87db-44f6-b1b0dbda60b5}.Debug|Any CPU.Build.0 = Debug|Any CPU
		{97a0a653-526d-042e-4298-c5837ae06a34}.Debug|Any CPU.ActiveCfg = Debug|Any CPU
		{97a0a653-526d-042e-4298-c5837ae06a34}.Debug|Any CPU.Build.0 = Debug|Any CPU
		{f5f141d9-8879-6d11-ba6f-f0addc981f6c}.Debug|Any CPU.ActiveCfg = Debug|Any CPU
		{f5f141d9-8879-6d11-ba6f-f0addc981f6c}.Debug|Any CPU.Build.0 = Debug|Any CPU
		{47a6960c-d78c-01f0-28f1-7a58b1161f29}.Debug|Any CPU.ActiveCfg = Debug|Any CPU
		{47a6960c-d78c-01f0-28f1-7a58b1161f29}.Debug|Any CPU.Build.0 = Debug|Any CPU
		{38707181-2a3a-5237-a4a2-d5a62d4792f5}.Debug|Any CPU.ActiveCfg = Debug|Any CPU
		{38707181-2a3a-5237-a4a2-d5a62d4792f5}.Debug|Any CPU.Build.0 = Debug|Any CPU
		{83d3b32a-7fc0-41ce-04a7-d5a0ba401e86}.Debug|Any CPU.ActiveCfg = Debug|Any CPU
		{83d3b32a-7fc0-41ce-04a7-d5a0ba401e86}.Debug|Any CPU.Build.0 = Debug|Any CPU
		{c81d7419-a128-89b8-3b4b-c13d765f4966}.Debug|Any CPU.ActiveCfg = Debug|Any CPU
		{c81d7419-a128-89b8-3b4b-c13d765f4966}.Debug|Any CPU.Build.0 = Debug|Any CPU
		{7fda7c03-5081-7b38-4de2-d175c38f7348}.Debug|Any CPU.ActiveCfg = Debug|Any CPU
		{7fda7c03-5081-7b38-4de2-d175c38f7348}.Debug|Any CPU.Build.0 = Debug|Any CPU
		{6ee8bde5-14c6-8ac4-f616-45b2b1a4e19f}.Debug|Any CPU.ActiveCfg = Debug|Any CPU
		{6ee8bde5-14c6-8ac4-f616-45b2b1a4e19f}.Debug|Any CPU.Build.0 = Debug|Any CPU
		{eff625dc-2cf0-7c60-7bf6-575d3cedb431}.Debug|Any CPU.ActiveCfg = Debug|Any CPU
		{eff625dc-2cf0-7c60-7bf6-575d3cedb431}.Debug|Any CPU.Build.0 = Debug|Any CPU
		{adc07d62-285c-b82b-3ea1-d8c91db56997}.Debug|Any CPU.ActiveCfg = Debug|Any CPU
		{adc07d62-285c-b82b-3ea1-d8c91db56997}.Debug|Any CPU.Build.0 = Debug|Any CPU
		{23b18abf-615d-ef1f-06cb-e0cb1070a1ed}.Debug|Any CPU.ActiveCfg = Debug|Any CPU
		{23b18abf-615d-ef1f-06cb-e0cb1070a1ed}.Debug|Any CPU.Build.0 = Debug|Any CPU
	EndGlobalSection
	GlobalSection(SolutionProperties) = preSolution
		HideSolutionNode = FALSE
	EndGlobalSection
EndGlobal
